
Microsoft Visual Studio Solution File, Format Version 12.00
# Visual Studio Version 17
VisualStudioVersion = 17.2.32505.173
MinimumVisualStudioVersion = 10.0.40219.1
Project("{9A19103F-16F7-4668-BE54-9A1E7A4F7556}") = "ReactApp", "ReactApp.csproj", "{234EC844-C4C6-4120-884A-DBBB98A2A399}"
EndProject
Project("{FAE04EC0-301F-11D3-BF4B-00C04F79EFBC}") = "ReactAPPTests", "..\ReactAPPTests\ReactAPPTests.csproj", "{20CBF16E-DAF1-4716-B1B5-96F49163FAF9}"
EndProject
Global
	GlobalSection(SolutionConfigurationPlatforms) = preSolution
		Debug|Any CPU = Debug|Any CPU
		Release|Any CPU = Release|Any CPU
	EndGlobalSection
	GlobalSection(ProjectConfigurationPlatforms) = postSolution
		{234EC844-C4C6-4120-884A-DBBB98A2A399}.Debug|Any CPU.ActiveCfg = Debug|Any CPU
		{234EC844-C4C6-4120-884A-DBBB98A2A399}.Debug|Any CPU.Build.0 = Debug|Any CPU
		{234EC844-C4C6-4120-884A-DBBB98A2A399}.Release|Any CPU.ActiveCfg = Release|Any CPU
		{234EC844-C4C6-4120-884A-DBBB98A2A399}.Release|Any CPU.Build.0 = Release|Any CPU
		{20CBF16E-DAF1-4716-B1B5-96F49163FAF9}.Debug|Any CPU.ActiveCfg = Debug|Any CPU
		{20CBF16E-DAF1-4716-B1B5-96F49163FAF9}.Debug|Any CPU.Build.0 = Debug|Any CPU
		{20CBF16E-DAF1-4716-B1B5-96F49163FAF9}.Release|Any CPU.ActiveCfg = Release|Any CPU
		{20CBF16E-DAF1-4716-B1B5-96F49163FAF9}.Release|Any CPU.Build.0 = Release|Any CPU
	EndGlobalSection
	GlobalSection(SolutionProperties) = preSolution
		HideSolutionNode = FALSE
	EndGlobalSection
	GlobalSection(ExtensibilityGlobals) = postSolution
		SolutionGuid = {CA9B49D7-0DBE-4DD9-AAA0-39A869765E61}
	EndGlobalSection
EndGlobal
